// !$*UTF8*$!
{
	archiveVersion = 1;
	classes = {
	};
	objectVersion = 48;
	objects = {

/* Begin PBXBuildFile section */
		420448C9B1547CBEBF247E38 /* Pods_TopProject.framework in Frameworks */ = {isa = PBXBuildFile; fileRef = C4A8F0ED4BF522E1E81DA237 /* Pods_TopProject.framework */; };
		84701D28204AC252006FD291 /* AppDelegate.swift in Sources */ = {isa = PBXBuildFile; fileRef = 84701D27204AC252006FD291 /* AppDelegate.swift */; };
		84701D2A204AC252006FD291 /* ViewController.swift in Sources */ = {isa = PBXBuildFile; fileRef = 84701D29204AC252006FD291 /* ViewController.swift */; };
		84701D2F204AC252006FD291 /* Assets.xcassets in Resources */ = {isa = PBXBuildFile; fileRef = 84701D2E204AC252006FD291 /* Assets.xcassets */; };
		84701D32204AC252006FD291 /* LaunchScreen.storyboard in Resources */ = {isa = PBXBuildFile; fileRef = 84701D30204AC252006FD291 /* LaunchScreen.storyboard */; };
		84701D3A204AE09A006FD291 /* MainPageViewController.swift in Sources */ = {isa = PBXBuildFile; fileRef = 84701D39204AE09A006FD291 /* MainPageViewController.swift */; };
		84701D41204AE6B3006FD291 /* TodayViewController.swift in Sources */ = {isa = PBXBuildFile; fileRef = 84701D40204AE6B3006FD291 /* TodayViewController.swift */; };
		84701D43204AE6C1006FD291 /* ToBuyListViewController.swift in Sources */ = {isa = PBXBuildFile; fileRef = 84701D42204AE6C1006FD291 /* ToBuyListViewController.swift */; };
		84701D45204AE918006FD291 /* Router.swift in Sources */ = {isa = PBXBuildFile; fileRef = 84701D44204AE918006FD291 /* Router.swift */; };
		84701D47204AE93D006FD291 /* MainRouter.swift in Sources */ = {isa = PBXBuildFile; fileRef = 84701D46204AE93D006FD291 /* MainRouter.swift */; };
		84701D4A204AEA18006FD291 /* LaunchViewController.swift in Sources */ = {isa = PBXBuildFile; fileRef = 84701D49204AEA18006FD291 /* LaunchViewController.swift */; };
		848F001D204AEDFC00931D1C /* Info.plist in Resources */ = {isa = PBXBuildFile; fileRef = 848F001C204AEDFB00931D1C /* Info.plist */; };
		848F0028204AF7ED00931D1C /* UIViewEx.swift in Sources */ = {isa = PBXBuildFile; fileRef = 848F0027204AF7ED00931D1C /* UIViewEx.swift */; };
		84AC0110204B0F130076FD71 /* Main.storyboard in Resources */ = {isa = PBXBuildFile; fileRef = 84AC010F204B0F130076FD71 /* Main.storyboard */; };
		84AC0112204B10710076FD71 /* CalendarView.swift in Sources */ = {isa = PBXBuildFile; fileRef = 84AC0111204B10710076FD71 /* CalendarView.swift */; };
		84AC0114204B10800076FD71 /* CalendarDayView.swift in Sources */ = {isa = PBXBuildFile; fileRef = 84AC0113204B10800076FD71 /* CalendarDayView.swift */; };
/* End PBXBuildFile section */

/* Begin PBXFileReference section */
		4F510222E14708ABEB41DC84 /* Pods-TopProject.debug.xcconfig */ = {isa = PBXFileReference; includeInIndex = 1; lastKnownFileType = text.xcconfig; name = "Pods-TopProject.debug.xcconfig"; path = "Pods/Target Support Files/Pods-TopProject/Pods-TopProject.debug.xcconfig"; sourceTree = "<group>"; };
		84701D24204AC252006FD291 /* TopProject.app */ = {isa = PBXFileReference; explicitFileType = wrapper.application; includeInIndex = 0; path = TopProject.app; sourceTree = BUILT_PRODUCTS_DIR; };
		84701D27204AC252006FD291 /* AppDelegate.swift */ = {isa = PBXFileReference; lastKnownFileType = sourcecode.swift; path = AppDelegate.swift; sourceTree = "<group>"; };
		84701D29204AC252006FD291 /* ViewController.swift */ = {isa = PBXFileReference; lastKnownFileType = sourcecode.swift; path = ViewController.swift; sourceTree = "<group>"; };
		84701D2E204AC252006FD291 /* Assets.xcassets */ = {isa = PBXFileReference; lastKnownFileType = folder.assetcatalog; path = Assets.xcassets; sourceTree = "<group>"; };
		84701D31204AC252006FD291 /* Base */ = {isa = PBXFileReference; lastKnownFileType = file.storyboard; name = Base; path = Base.lproj/LaunchScreen.storyboard; sourceTree = "<group>"; };
		84701D39204AE09A006FD291 /* MainPageViewController.swift */ = {isa = PBXFileReference; lastKnownFileType = sourcecode.swift; path = MainPageViewController.swift; sourceTree = "<group>"; };
		84701D40204AE6B3006FD291 /* TodayViewController.swift */ = {isa = PBXFileReference; lastKnownFileType = sourcecode.swift; path = TodayViewController.swift; sourceTree = "<group>"; };
		84701D42204AE6C1006FD291 /* ToBuyListViewController.swift */ = {isa = PBXFileReference; lastKnownFileType = sourcecode.swift; path = ToBuyListViewController.swift; sourceTree = "<group>"; };
		84701D44204AE918006FD291 /* Router.swift */ = {isa = PBXFileReference; lastKnownFileType = sourcecode.swift; path = Router.swift; sourceTree = "<group>"; };
		84701D46204AE93D006FD291 /* MainRouter.swift */ = {isa = PBXFileReference; lastKnownFileType = sourcecode.swift; path = MainRouter.swift; sourceTree = "<group>"; };
		84701D49204AEA18006FD291 /* LaunchViewController.swift */ = {isa = PBXFileReference; lastKnownFileType = sourcecode.swift; path = LaunchViewController.swift; sourceTree = "<group>"; };
		848F001C204AEDFB00931D1C /* Info.plist */ = {isa = PBXFileReference; fileEncoding = 4; lastKnownFileType = text.plist.xml; name = Info.plist; path = TopProject/Info.plist; sourceTree = SOURCE_ROOT; };
		848F0027204AF7ED00931D1C /* UIViewEx.swift */ = {isa = PBXFileReference; lastKnownFileType = sourcecode.swift; path = UIViewEx.swift; sourceTree = "<group>"; };
		84AC010F204B0F130076FD71 /* Main.storyboard */ = {isa = PBXFileReference; fileEncoding = 4; lastKnownFileType = file.storyboard; path = Main.storyboard; sourceTree = "<group>"; };
		84AC0111204B10710076FD71 /* CalendarView.swift */ = {isa = PBXFileReference; lastKnownFileType = sourcecode.swift; path = CalendarView.swift; sourceTree = "<group>"; };
		84AC0113204B10800076FD71 /* CalendarDayView.swift */ = {isa = PBXFileReference; lastKnownFileType = sourcecode.swift; path = CalendarDayView.swift; sourceTree = "<group>"; };
		C4A8F0ED4BF522E1E81DA237 /* Pods_TopProject.framework */ = {isa = PBXFileReference; explicitFileType = wrapper.framework; includeInIndex = 0; path = Pods_TopProject.framework; sourceTree = BUILT_PRODUCTS_DIR; };
		CD5E461DA4463CEE25EB30D6 /* Pods-TopProject.release.xcconfig */ = {isa = PBXFileReference; includeInIndex = 1; lastKnownFileType = text.xcconfig; name = "Pods-TopProject.release.xcconfig"; path = "Pods/Target Support Files/Pods-TopProject/Pods-TopProject.release.xcconfig"; sourceTree = "<group>"; };
/* End PBXFileReference section */

/* Begin PBXFrameworksBuildPhase section */
		84701D21204AC252006FD291 /* Frameworks */ = {
			isa = PBXFrameworksBuildPhase;
			buildActionMask = 2147483647;
			files = (
				420448C9B1547CBEBF247E38 /* Pods_TopProject.framework in Frameworks */,
			);
			runOnlyForDeploymentPostprocessing = 0;
		};
/* End PBXFrameworksBuildPhase section */

/* Begin PBXGroup section */
		03B5CCF3BBD98E8C748BC409 /* Frameworks */ = {
			isa = PBXGroup;
			children = (
				C4A8F0ED4BF522E1E81DA237 /* Pods_TopProject.framework */,
			);
			name = Frameworks;
			sourceTree = "<group>";
		};
		1C8435C6CA5FAB78EA0FBE21 /* Pods */ = {
			isa = PBXGroup;
			children = (
				4F510222E14708ABEB41DC84 /* Pods-TopProject.debug.xcconfig */,
				CD5E461DA4463CEE25EB30D6 /* Pods-TopProject.release.xcconfig */,
			);
			name = Pods;
			sourceTree = "<group>";
		};
		84701D1B204AC252006FD291 = {
			isa = PBXGroup;
			children = (
				84701D26204AC252006FD291 /* TopProject */,
				84701D25204AC252006FD291 /* Products */,
				1C8435C6CA5FAB78EA0FBE21 /* Pods */,
				03B5CCF3BBD98E8C748BC409 /* Frameworks */,
			);
			sourceTree = "<group>";
		};
		84701D25204AC252006FD291 /* Products */ = {
			isa = PBXGroup;
			children = (
				84701D24204AC252006FD291 /* TopProject.app */,
			);
			name = Products;
			sourceTree = "<group>";
		};
		84701D26204AC252006FD291 /* TopProject */ = {
			isa = PBXGroup;
			children = (
				84701D27204AC252006FD291 /* AppDelegate.swift */,
				84701D3C204AE0EA006FD291 /* Presentation */,
				84701D3B204AE0A0006FD291 /* Supporting */,
			);
			path = TopProject;
			sourceTree = "<group>";
		};
		84701D3B204AE0A0006FD291 /* Supporting */ = {
			isa = PBXGroup;
			children = (
				84701D2E204AC252006FD291 /* Assets.xcassets */,
				848F001C204AEDFB00931D1C /* Info.plist */,
			);
			path = Supporting;
			sourceTree = "<group>";
		};
		84701D3C204AE0EA006FD291 /* Presentation */ = {
			isa = PBXGroup;
			children = (
				84701D4B204AEA26006FD291 /* Launch */,
				84701D3F204AE591006FD291 /* Common */,
				84701D3D204AE578006FD291 /* Main */,
			);
			path = Presentation;
			sourceTree = "<group>";
		};
		84701D3D204AE578006FD291 /* Main */ = {
			isa = PBXGroup;
			children = (
				84701D3E204AE586006FD291 /* ViewController */,
				84701D48204AE944006FD291 /* Helper */,
				848F0020204AF3EF00931D1C /* View */,
			);
			path = Main;
			sourceTree = "<group>";
		};
		84701D3E204AE586006FD291 /* ViewController */ = {
			isa = PBXGroup;
			children = (
				84AC010F204B0F130076FD71 /* Main.storyboard */,
				84701D39204AE09A006FD291 /* MainPageViewController.swift */,
				84701D40204AE6B3006FD291 /* TodayViewController.swift */,
				84701D42204AE6C1006FD291 /* ToBuyListViewController.swift */,
			);
			path = ViewController;
			sourceTree = "<group>";
		};
		84701D3F204AE591006FD291 /* Common */ = {
			isa = PBXGroup;
			children = (
				84701D44204AE918006FD291 /* Router.swift */,
				84701D29204AC252006FD291 /* ViewController.swift */,
				848F0027204AF7ED00931D1C /* UIViewEx.swift */,
			);
			path = Common;
			sourceTree = "<group>";
		};
		84701D48204AE944006FD291 /* Helper */ = {
			isa = PBXGroup;
			children = (
				84701D46204AE93D006FD291 /* MainRouter.swift */,
			);
			path = Helper;
			sourceTree = "<group>";
		};
		84701D4B204AEA26006FD291 /* Launch */ = {
			isa = PBXGroup;
			children = (
				84701D49204AEA18006FD291 /* LaunchViewController.swift */,
				84701D30204AC252006FD291 /* LaunchScreen.storyboard */,
			);
			path = Launch;
			sourceTree = "<group>";
		};
		848F0020204AF3EF00931D1C /* View */ = {
			isa = PBXGroup;
			children = (
				84AC0111204B10710076FD71 /* CalendarView.swift */,
				84AC0113204B10800076FD71 /* CalendarDayView.swift */,
			);
			path = View;
			sourceTree = "<group>";
		};
/* End PBXGroup section */

/* Begin PBXNativeTarget section */
		84701D23204AC252006FD291 /* TopProject */ = {
			isa = PBXNativeTarget;
			buildConfigurationList = 84701D36204AC252006FD291 /* Build configuration list for PBXNativeTarget "TopProject" */;
			buildPhases = (
				C86EB2BDEC5F0B582B59BFA6 /* [CP] Check Pods Manifest.lock */,
				84701D20204AC252006FD291 /* Sources */,
				84701D21204AC252006FD291 /* Frameworks */,
				84701D22204AC252006FD291 /* Resources */,
				98B061801B4A7333C46C62BF /* [CP] Embed Pods Frameworks */,
				E20845C9F5107E18750E4BB0 /* [CP] Copy Pods Resources */,
			);
			buildRules = (
			);
			dependencies = (
			);
			name = TopProject;
			productName = TopProject;
			productReference = 84701D24204AC252006FD291 /* TopProject.app */;
			productType = "com.apple.product-type.application";
		};
/* End PBXNativeTarget section */

/* Begin PBXProject section */
		84701D1C204AC252006FD291 /* Project object */ = {
			isa = PBXProject;
			attributes = {
				LastSwiftUpdateCheck = 0920;
				LastUpgradeCheck = 0920;
				ORGANIZATIONNAME = "Artem Pavlov";
				TargetAttributes = {
					84701D23204AC252006FD291 = {
						CreatedOnToolsVersion = 9.2;
						ProvisioningStyle = Automatic;
					};
				};
			};
			buildConfigurationList = 84701D1F204AC252006FD291 /* Build configuration list for PBXProject "TopProject" */;
			compatibilityVersion = "Xcode 8.0";
			developmentRegion = en;
			hasScannedForEncodings = 0;
			knownRegions = (
				en,
				Base,
			);
			mainGroup = 84701D1B204AC252006FD291;
			productRefGroup = 84701D25204AC252006FD291 /* Products */;
			projectDirPath = "";
			projectRoot = "";
			targets = (
				84701D23204AC252006FD291 /* TopProject */,
			);
		};
/* End PBXProject section */

/* Begin PBXResourcesBuildPhase section */
		84701D22204AC252006FD291 /* Resources */ = {
			isa = PBXResourcesBuildPhase;
			buildActionMask = 2147483647;
			files = (
				848F001D204AEDFC00931D1C /* Info.plist in Resources */,
				84701D32204AC252006FD291 /* LaunchScreen.storyboard in Resources */,
				84701D2F204AC252006FD291 /* Assets.xcassets in Resources */,
				84AC0110204B0F130076FD71 /* Main.storyboard in Resources */,
			);
			runOnlyForDeploymentPostprocessing = 0;
		};
/* End PBXResourcesBuildPhase section */

/* Begin PBXShellScriptBuildPhase section */
		98B061801B4A7333C46C62BF /* [CP] Embed Pods Frameworks */ = {
			isa = PBXShellScriptBuildPhase;
			buildActionMask = 2147483647;
			files = (
			);
			inputPaths = (
				"${SRCROOT}/Pods/Target Support Files/Pods-TopProject/Pods-TopProject-frameworks.sh",
				"${BUILT_PRODUCTS_DIR}/FSCalendar/FSCalendar.framework",
				"${BUILT_PRODUCTS_DIR}/TextFieldEffects/TextFieldEffects.framework",
			);
			name = "[CP] Embed Pods Frameworks";
			outputPaths = (
				"${TARGET_BUILD_DIR}/${FRAMEWORKS_FOLDER_PATH}/FSCalendar.framework",
				"${TARGET_BUILD_DIR}/${FRAMEWORKS_FOLDER_PATH}/TextFieldEffects.framework",
			);
			runOnlyForDeploymentPostprocessing = 0;
			shellPath = /bin/sh;
			shellScript = "\"${SRCROOT}/Pods/Target Support Files/Pods-TopProject/Pods-TopProject-frameworks.sh\"\n";
			showEnvVarsInLog = 0;
		};
		C86EB2BDEC5F0B582B59BFA6 /* [CP] Check Pods Manifest.lock */ = {
			isa = PBXShellScriptBuildPhase;
			buildActionMask = 2147483647;
			files = (
			);
			inputPaths = (
				"${PODS_PODFILE_DIR_PATH}/Podfile.lock",
				"${PODS_ROOT}/Manifest.lock",
			);
			name = "[CP] Check Pods Manifest.lock";
			outputPaths = (
				"$(DERIVED_FILE_DIR)/Pods-TopProject-checkManifestLockResult.txt",
			);
			runOnlyForDeploymentPostprocessing = 0;
			shellPath = /bin/sh;
			shellScript = "diff \"${PODS_PODFILE_DIR_PATH}/Podfile.lock\" \"${PODS_ROOT}/Manifest.lock\" > /dev/null\nif [ $? != 0 ] ; then\n    # print error to STDERR\n    echo \"error: The sandbox is not in sync with the Podfile.lock. Run 'pod install' or update your CocoaPods installation.\" >&2\n    exit 1\nfi\n# This output is used by Xcode 'outputs' to avoid re-running this script phase.\necho \"SUCCESS\" > \"${SCRIPT_OUTPUT_FILE_0}\"\n";
			showEnvVarsInLog = 0;
		};
		E20845C9F5107E18750E4BB0 /* [CP] Copy Pods Resources */ = {
			isa = PBXShellScriptBuildPhase;
			buildActionMask = 2147483647;
			files = (
			);
			inputPaths = (
			);
			name = "[CP] Copy Pods Resources";
			outputPaths = (
			);
			runOnlyForDeploymentPostprocessing = 0;
			shellPath = /bin/sh;
			shellScript = "\"${SRCROOT}/Pods/Target Support Files/Pods-TopProject/Pods-TopProject-resources.sh\"\n";
			showEnvVarsInLog = 0;
		};
/* End PBXShellScriptBuildPhase section */

/* Begin PBXSourcesBuildPhase section */
		84701D20204AC252006FD291 /* Sources */ = {
			isa = PBXSourcesBuildPhase;
			buildActionMask = 2147483647;
			files = (
				84AC0112204B10710076FD71 /* CalendarView.swift in Sources */,
				848F0028204AF7ED00931D1C /* UIViewEx.swift in Sources */,
				84701D41204AE6B3006FD291 /* TodayViewController.swift in Sources */,
				84701D47204AE93D006FD291 /* MainRouter.swift in Sources */,
				84701D2A204AC252006FD291 /* ViewController.swift in Sources */,
				84701D3A204AE09A006FD291 /* MainPageViewController.swift in Sources */,
				84701D28204AC252006FD291 /* AppDelegate.swift in Sources */,
				84701D45204AE918006FD291 /* Router.swift in Sources */,
				84701D43204AE6C1006FD291 /* ToBuyListViewController.swift in Sources */,
				84701D4A204AEA18006FD291 /* LaunchViewController.swift in Sources */,
				84AC0114204B10800076FD71 /* CalendarDayView.swift in Sources */,
			);
			runOnlyForDeploymentPostprocessing = 0;
		};
/* End PBXSourcesBuildPhase section */

/* Begin PBXVariantGroup section */
		84701D30204AC252006FD291 /* LaunchScreen.storyboard */ = {
			isa = PBXVariantGroup;
			children = (
				84701D31204AC252006FD291 /* Base */,
			);
			name = LaunchScreen.storyboard;
			sourceTree = "<group>";
		};
/* End PBXVariantGroup section */

/* Begin XCBuildConfiguration section */
		84701D34204AC252006FD291 /* Debug */ = {
			isa = XCBuildConfiguration;
			buildSettings = {
				ALWAYS_SEARCH_USER_PATHS = NO;
				CLANG_ANALYZER_NONNULL = YES;
				CLANG_ANALYZER_NUMBER_OBJECT_CONVERSION = YES_AGGRESSIVE;
				CLANG_CXX_LANGUAGE_STANDARD = "gnu++14";
				CLANG_CXX_LIBRARY = "libc++";
				CLANG_ENABLE_MODULES = YES;
				CLANG_ENABLE_OBJC_ARC = YES;
				CLANG_WARN_BLOCK_CAPTURE_AUTORELEASING = YES;
				CLANG_WARN_BOOL_CONVERSION = YES;
				CLANG_WARN_COMMA = YES;
				CLANG_WARN_CONSTANT_CONVERSION = YES;
				CLANG_WARN_DIRECT_OBJC_ISA_USAGE = YES_ERROR;
				CLANG_WARN_DOCUMENTATION_COMMENTS = YES;
				CLANG_WARN_EMPTY_BODY = YES;
				CLANG_WARN_ENUM_CONVERSION = YES;
				CLANG_WARN_INFINITE_RECURSION = YES;
				CLANG_WARN_INT_CONVERSION = YES;
				CLANG_WARN_NON_LITERAL_NULL_CONVERSION = YES;
				CLANG_WARN_OBJC_LITERAL_CONVERSION = YES;
				CLANG_WARN_OBJC_ROOT_CLASS = YES_ERROR;
				CLANG_WARN_RANGE_LOOP_ANALYSIS = YES;
				CLANG_WARN_STRICT_PROTOTYPES = YES;
				CLANG_WARN_SUSPICIOUS_MOVE = YES;
				CLANG_WARN_UNGUARDED_AVAILABILITY = YES_AGGRESSIVE;
				CLANG_WARN_UNREACHABLE_CODE = YES;
				CLANG_WARN__DUPLICATE_METHOD_MATCH = YES;
				CODE_SIGN_IDENTITY = "iPhone Developer";
				COPY_PHASE_STRIP = NO;
				DEBUG_INFORMATION_FORMAT = dwarf;
				ENABLE_STRICT_OBJC_MSGSEND = YES;
				ENABLE_TESTABILITY = YES;
				GCC_C_LANGUAGE_STANDARD = gnu11;
				GCC_DYNAMIC_NO_PIC = NO;
				GCC_NO_COMMON_BLOCKS = YES;
				GCC_OPTIMIZATION_LEVEL = 0;
				GCC_PREPROCESSOR_DEFINITIONS = (
					"DEBUG=1",
					"$(inherited)",
				);
				GCC_WARN_64_TO_32_BIT_CONVERSION = YES;
				GCC_WARN_ABOUT_RETURN_TYPE = YES_ERROR;
				GCC_WARN_UNDECLARED_SELECTOR = YES;
				GCC_WARN_UNINITIALIZED_AUTOS = YES_AGGRESSIVE;
				GCC_WARN_UNUSED_FUNCTION = YES;
				GCC_WARN_UNUSED_VARIABLE = YES;
				IPHONEOS_DEPLOYMENT_TARGET = 11.2;
				MTL_ENABLE_DEBUG_INFO = YES;
				ONLY_ACTIVE_ARCH = YES;
				SDKROOT = iphoneos;
				SWIFT_ACTIVE_COMPILATION_CONDITIONS = DEBUG;
				SWIFT_OPTIMIZATION_LEVEL = "-Onone";
			};
			name = Debug;
		};
		84701D35204AC252006FD291 /* Release */ = {
			isa = XCBuildConfiguration;
			buildSettings = {
				ALWAYS_SEARCH_USER_PATHS = NO;
				CLANG_ANALYZER_NONNULL = YES;
				CLANG_ANALYZER_NUMBER_OBJECT_CONVERSION = YES_AGGRESSIVE;
				CLANG_CXX_LANGUAGE_STANDARD = "gnu++14";
				CLANG_CXX_LIBRARY = "libc++";
				CLANG_ENABLE_MODULES = YES;
				CLANG_ENABLE_OBJC_ARC = YES;
				CLANG_WARN_BLOCK_CAPTURE_AUTORELEASING = YES;
				CLANG_WARN_BOOL_CONVERSION = YES;
				CLANG_WARN_COMMA = YES;
				CLANG_WARN_CONSTANT_CONVERSION = YES;
				CLANG_WARN_DIRECT_OBJC_ISA_USAGE = YES_ERROR;
				CLANG_WARN_DOCUMENTATION_COMMENTS = YES;
				CLANG_WARN_EMPTY_BODY = YES;
				CLANG_WARN_ENUM_CONVERSION = YES;
				CLANG_WARN_INFINITE_RECURSION = YES;
				CLANG_WARN_INT_CONVERSION = YES;
				CLANG_WARN_NON_LITERAL_NULL_CONVERSION = YES;
				CLANG_WARN_OBJC_LITERAL_CONVERSION = YES;
				CLANG_WARN_OBJC_ROOT_CLASS = YES_ERROR;
				CLANG_WARN_RANGE_LOOP_ANALYSIS = YES;
				CLANG_WARN_STRICT_PROTOTYPES = YES;
				CLANG_WARN_SUSPICIOUS_MOVE = YES;
				CLANG_WARN_UNGUARDED_AVAILABILITY = YES_AGGRESSIVE;
				CLANG_WARN_UNREACHABLE_CODE = YES;
				CLANG_WARN__DUPLICATE_METHOD_MATCH = YES;
				CODE_SIGN_IDENTITY = "iPhone Developer";
				COPY_PHASE_STRIP = NO;
				DEBUG_INFORMATION_FORMAT = "dwarf-with-dsym";
				ENABLE_NS_ASSERTIONS = NO;
				ENABLE_STRICT_OBJC_MSGSEND = YES;
				GCC_C_LANGUAGE_STANDARD = gnu11;
				GCC_NO_COMMON_BLOCKS = YES;
				GCC_WARN_64_TO_32_BIT_CONVERSION = YES;
				GCC_WARN_ABOUT_RETURN_TYPE = YES_ERROR;
				GCC_WARN_UNDECLARED_SELECTOR = YES;
				GCC_WARN_UNINITIALIZED_AUTOS = YES_AGGRESSIVE;
				GCC_WARN_UNUSED_FUNCTION = YES;
				GCC_WARN_UNUSED_VARIABLE = YES;
				IPHONEOS_DEPLOYMENT_TARGET = 11.2;
				MTL_ENABLE_DEBUG_INFO = NO;
				SDKROOT = iphoneos;
				SWIFT_OPTIMIZATION_LEVEL = "-Owholemodule";
				VALIDATE_PRODUCT = YES;
			};
			name = Release;
		};
		84701D37204AC252006FD291 /* Debug */ = {
			isa = XCBuildConfiguration;
			baseConfigurationReference = 4F510222E14708ABEB41DC84 /* Pods-TopProject.debug.xcconfig */;
			buildSettings = {
				ASSETCATALOG_COMPILER_APPICON_NAME = AppIcon;
				CODE_SIGN_STYLE = Automatic;
				DEVELOPMENT_TEAM = PF4K59T6M7;
				INFOPLIST_FILE = TopProject/Info.plist;
				LD_RUNPATH_SEARCH_PATHS = "$(inherited) @executable_path/Frameworks";
				PRODUCT_BUNDLE_IDENTIFIER = artypablo.TopProject;
				PRODUCT_NAME = "$(TARGET_NAME)";
				SWIFT_VERSION = 4.0;
				TARGETED_DEVICE_FAMILY = "1,2";
			};
			name = Debug;
		};
		84701D38204AC252006FD291 /* Release */ = {
			isa = XCBuildConfiguration;
			baseConfigurationReference = CD5E461DA4463CEE25EB30D6 /* Pods-TopProject.release.xcconfig */;
			buildSettings = {
				ASSETCATALOG_COMPILER_APPICON_NAME = AppIcon;
				CODE_SIGN_STYLE = Automatic;
				DEVELOPMENT_TEAM = PF4K59T6M7;
				INFOPLIST_FILE = TopProject/Info.plist;
				LD_RUNPATH_SEARCH_PATHS = "$(inherited) @executable_path/Frameworks";
				PRODUCT_BUNDLE_IDENTIFIER = artypablo.TopProject;
				PRODUCT_NAME = "$(TARGET_NAME)";
				SWIFT_VERSION = 4.0;
				TARGETED_DEVICE_FAMILY = "1,2";
			};
			name = Release;
		};
/* End XCBuildConfiguration section */

/* Begin XCConfigurationList section */
		84701D1F204AC252006FD291 /* Build configuration list for PBXProject "TopProject" */ = {
			isa = XCConfigurationList;
			buildConfigurations = (
				84701D34204AC252006FD291 /* Debug */,
				84701D35204AC252006FD291 /* Release */,
			);
			defaultConfigurationIsVisible = 0;
			defaultConfigurationName = Release;
		};
		84701D36204AC252006FD291 /* Build configuration list for PBXNativeTarget "TopProject" */ = {
			isa = XCConfigurationList;
			buildConfigurations = (
				84701D37204AC252006FD291 /* Debug */,
				84701D38204AC252006FD291 /* Release */,
			);
			defaultConfigurationIsVisible = 0;
			defaultConfigurationName = Release;
		};
/* End XCConfigurationList section */
	};
	rootObject = 84701D1C204AC252006FD291 /* Project object */;
}
